
Microsoft Visual Studio Solution File, Format Version 12.00
# Visual Studio 15
VisualStudioVersion = 15.0.27004.2010
MinimumVisualStudioVersion = 10.0.40219.1
Project("{FAE04EC0-301F-11D3-BF4B-00C04F79EFBC}") = "TariffComparer", "TariffComparer\TariffComparer.csproj", "{B4C12996-884B-40B7-A786-E62563FAF86B}"
EndProject
Global
	GlobalSection(SolutionConfigurationPlatforms) = preSolution
		Debug|Any CPU = Debug|Any CPU
		Release|Any CPU = Release|Any CPU
	EndGlobalSection
	GlobalSection(ProjectConfigurationPlatforms) = postSolution
		{B4C12996-884B-40B7-A786-E62563FAF86B}.Debug|Any CPU.ActiveCfg = Debug|Any CPU
		{B4C12996-884B-40B7-A786-E62563FAF86B}.Debug|Any CPU.Build.0 = Debug|Any CPU
		{B4C12996-884B-40B7-A786-E62563FAF86B}.Release|Any CPU.ActiveCfg = Release|Any CPU
		{B4C12996-884B-40B7-A786-E62563FAF86B}.Release|Any CPU.Build.0 = Release|Any CPU
	EndGlobalSection
	GlobalSection(SolutionProperties) = preSolution
		HideSolutionNode = FALSE
	EndGlobalSection
	GlobalSection(ExtensibilityGlobals) = postSolution
		SolutionGuid = {0A895699-D1AB-48C0-953F-5C1F2C54BD70}
	EndGlobalSection
EndGlobal
